// !$*UTF8*$!
{
	archiveVersion = 1;
	classes = {
	};
	objectVersion = 70;
	objects = {

/* Begin PBXBuildFile section */
		392FEC312BDD9B0200AA1181 /* thridView.swift in Sources */ = {isa = PBXBuildFile; fileRef = 392FEC302BDD9B0200AA1181 /* thridView.swift */; };
		3936D8292BD89F3A00DD644C /* SecondView.swift in Sources */ = {isa = PBXBuildFile; fileRef = 3936D8282BD89F3A00DD644C /* SecondView.swift */; };
		39D7A8EC2BCF46C200C07C07 /* RealityKitContent in Frameworks */ = {isa = PBXBuildFile; productRef = 39D7A8EB2BCF46C200C07C07 /* RealityKitContent */; };
		39D7A8EE2BCF46C200C07C07 /* WebviewApp.swift in Sources */ = {isa = PBXBuildFile; fileRef = 39D7A8ED2BCF46C200C07C07 /* WebviewApp.swift */; };
		39D7A8F02BCF46C200C07C07 /* ContentView.swift in Sources */ = {isa = PBXBuildFile; fileRef = 39D7A8EF2BCF46C200C07C07 /* ContentView.swift */; };
		39D7A8F22BCF46C200C07C07 /* ImmersiveView.swift in Sources */ = {isa = PBXBuildFile; fileRef = 39D7A8F12BCF46C200C07C07 /* ImmersiveView.swift */; };
		39D7A8F42BCF46C300C07C07 /* Assets.xcassets in Resources */ = {isa = PBXBuildFile; fileRef = 39D7A8F32BCF46C300C07C07 /* Assets.xcassets */; };
		39D7A8F72BCF46C300C07C07 /* Preview Assets.xcassets in Resources */ = {isa = PBXBuildFile; fileRef = 39D7A8F62BCF46C300C07C07 /* Preview Assets.xcassets */; };
		39D7A8FF2BCF490700C07C07 /* WebView.swift in Sources */ = {isa = PBXBuildFile; fileRef = 39D7A8FE2BCF490700C07C07 /* WebView.swift */; };
		BDC464692D266B7C002F559E /* XCAOpenAIClient in Frameworks */ = {isa = PBXBuildFile; productRef = BDC464682D266B7C002F559E /* XCAOpenAIClient */; };
		C51AC3B12BE807FD0082171A /* DataStore.swift in Sources */ = {isa = PBXBuildFile; fileRef = C51AC3B02BE807FD0082171A /* DataStore.swift */; };
		C51AC3B32BE809A60082171A /* ResultsDisplay.swift in Sources */ = {isa = PBXBuildFile; fileRef = C51AC3B22BE809A60082171A /* ResultsDisplay.swift */; };
/* End PBXBuildFile section */

/* Begin PBXFileReference section */
		392FEC302BDD9B0200AA1181 /* thridView.swift */ = {isa = PBXFileReference; lastKnownFileType = sourcecode.swift; path = thridView.swift; sourceTree = "<group>"; };
		392FEC372BE8868100AA1181 /* RealityKit.framework */ = {isa = PBXFileReference; lastKnownFileType = wrapper.framework; name = RealityKit.framework; path = System/Library/Frameworks/RealityKit.framework; sourceTree = SDKROOT; };
		3936D8282BD89F3A00DD644C /* SecondView.swift */ = {isa = PBXFileReference; lastKnownFileType = sourcecode.swift; path = SecondView.swift; sourceTree = "<group>"; };
		39D7A8E62BCF46C200C07C07 /* Webview.app */ = {isa = PBXFileReference; explicitFileType = wrapper.application; includeInIndex = 0; path = Webview.app; sourceTree = BUILT_PRODUCTS_DIR; };
		39D7A8EA2BCF46C200C07C07 /* RealityKitContent */ = {isa = PBXFileReference; lastKnownFileType = wrapper; path = RealityKitContent; sourceTree = "<group>"; };
		39D7A8ED2BCF46C200C07C07 /* WebviewApp.swift */ = {isa = PBXFileReference; lastKnownFileType = sourcecode.swift; path = WebviewApp.swift; sourceTree = "<group>"; };
		39D7A8EF2BCF46C200C07C07 /* ContentView.swift */ = {isa = PBXFileReference; lastKnownFileType = sourcecode.swift; path = ContentView.swift; sourceTree = "<group>"; };
		39D7A8F12BCF46C200C07C07 /* ImmersiveView.swift */ = {isa = PBXFileReference; lastKnownFileType = sourcecode.swift; path = ImmersiveView.swift; sourceTree = "<group>"; };
		39D7A8F32BCF46C300C07C07 /* Assets.xcassets */ = {isa = PBXFileReference; lastKnownFileType = folder.assetcatalog; path = Assets.xcassets; sourceTree = "<group>"; };
		39D7A8F62BCF46C300C07C07 /* Preview Assets.xcassets */ = {isa = PBXFileReference; lastKnownFileType = folder.assetcatalog; path = "Preview Assets.xcassets"; sourceTree = "<group>"; };
		39D7A8F82BCF46C300C07C07 /* Info.plist */ = {isa = PBXFileReference; lastKnownFileType = text.plist.xml; path = Info.plist; sourceTree = "<group>"; };
		39D7A8FE2BCF490700C07C07 /* WebView.swift */ = {isa = PBXFileReference; lastKnownFileType = sourcecode.swift; path = WebView.swift; sourceTree = "<group>"; };
		C51AC3B02BE807FD0082171A /* DataStore.swift */ = {isa = PBXFileReference; lastKnownFileType = sourcecode.swift; path = DataStore.swift; sourceTree = "<group>"; };
		C51AC3B22BE809A60082171A /* ResultsDisplay.swift */ = {isa = PBXFileReference; lastKnownFileType = sourcecode.swift; path = ResultsDisplay.swift; sourceTree = "<group>"; };
/* End PBXFileReference section */

/* Begin PBXFileSystemSynchronizedRootGroup section */
		BDC4646A2D266B98002F559E /* OpenAI */ = {isa = PBXFileSystemSynchronizedRootGroup; explicitFileTypes = {}; explicitFolders = (); path = OpenAI; sourceTree = "<group>"; };
/* End PBXFileSystemSynchronizedRootGroup section */

/* Begin PBXFrameworksBuildPhase section */
		39D7A8E32BCF46C200C07C07 /* Frameworks */ = {
			isa = PBXFrameworksBuildPhase;
			buildActionMask = 2147483647;
			files = (
				BDC464692D266B7C002F559E /* XCAOpenAIClient in Frameworks */,
				39D7A8EC2BCF46C200C07C07 /* RealityKitContent in Frameworks */,
			);
			runOnlyForDeploymentPostprocessing = 0;
		};
/* End PBXFrameworksBuildPhase section */

/* Begin PBXGroup section */
		392FEC362BE8868000AA1181 /* Frameworks */ = {
			isa = PBXGroup;
			children = (
				392FEC372BE8868100AA1181 /* RealityKit.framework */,
			);
			name = Frameworks;
			sourceTree = "<group>";
		};
		39D7A8DD2BCF46C200C07C07 = {
			isa = PBXGroup;
			children = (
				39D7A8E82BCF46C200C07C07 /* Webview */,
				39D7A8E92BCF46C200C07C07 /* Packages */,
				39D7A8E72BCF46C200C07C07 /* Products */,
				392FEC362BE8868000AA1181 /* Frameworks */,
			);
			sourceTree = "<group>";
		};
		39D7A8E72BCF46C200C07C07 /* Products */ = {
			isa = PBXGroup;
			children = (
				39D7A8E62BCF46C200C07C07 /* Webview.app */,
			);
			name = Products;
			sourceTree = "<group>";
		};
		39D7A8E82BCF46C200C07C07 /* Webview */ = {
			isa = PBXGroup;
			children = (
				BDC4646A2D266B98002F559E /* OpenAI */,
				39D7A8ED2BCF46C200C07C07 /* WebviewApp.swift */,
				39D7A8EF2BCF46C200C07C07 /* ContentView.swift */,
				39D7A8F12BCF46C200C07C07 /* ImmersiveView.swift */,
				39D7A8F32BCF46C300C07C07 /* Assets.xcassets */,
				39D7A8F82BCF46C300C07C07 /* Info.plist */,
				39D7A8F52BCF46C300C07C07 /* Preview Content */,
				39D7A8FE2BCF490700C07C07 /* WebView.swift */,
				3936D8282BD89F3A00DD644C /* SecondView.swift */,
				392FEC302BDD9B0200AA1181 /* thridView.swift */,
				C51AC3B02BE807FD0082171A /* DataStore.swift */,
				C51AC3B22BE809A60082171A /* ResultsDisplay.swift */,
			);
			path = Webview;
			sourceTree = "<group>";
		};
		39D7A8E92BCF46C200C07C07 /* Packages */ = {
			isa = PBXGroup;
			children = (
				39D7A8EA2BCF46C200C07C07 /* RealityKitContent */,
			);
			path = Packages;
			sourceTree = "<group>";
		};
		39D7A8F52BCF46C300C07C07 /* Preview Content */ = {
			isa = PBXGroup;
			children = (
				39D7A8F62BCF46C300C07C07 /* Preview Assets.xcassets */,
			);
			path = "Preview Content";
			sourceTree = "<group>";
		};
/* End PBXGroup section */

/* Begin PBXNativeTarget section */
		39D7A8E52BCF46C200C07C07 /* Webview */ = {
			isa = PBXNativeTarget;
			buildConfigurationList = 39D7A8FB2BCF46C300C07C07 /* Build configuration list for PBXNativeTarget "Webview" */;
			buildPhases = (
				39D7A8E22BCF46C200C07C07 /* Sources */,
				39D7A8E32BCF46C200C07C07 /* Frameworks */,
				39D7A8E42BCF46C200C07C07 /* Resources */,
			);
			buildRules = (
			);
			dependencies = (
			);
			fileSystemSynchronizedGroups = (
				BDC4646A2D266B98002F559E /* OpenAI */,
			);
			name = Webview;
			packageProductDependencies = (
				39D7A8EB2BCF46C200C07C07 /* RealityKitContent */,
				BDC464682D266B7C002F559E /* XCAOpenAIClient */,
			);
			productName = Webview;
			productReference = 39D7A8E62BCF46C200C07C07 /* Webview.app */;
			productType = "com.apple.product-type.application";
		};
/* End PBXNativeTarget section */

/* Begin PBXProject section */
		39D7A8DE2BCF46C200C07C07 /* Project object */ = {
			isa = PBXProject;
			attributes = {
				BuildIndependentTargetsInParallel = 1;
				LastSwiftUpdateCheck = 1530;
				LastUpgradeCheck = 1530;
				TargetAttributes = {
					39D7A8E52BCF46C200C07C07 = {
						CreatedOnToolsVersion = 15.3;
					};
				};
			};
			buildConfigurationList = 39D7A8E12BCF46C200C07C07 /* Build configuration list for PBXProject "Webview" */;
			compatibilityVersion = "Xcode 14.0";
			developmentRegion = en;
			hasScannedForEncodings = 0;
			knownRegions = (
				en,
				Base,
			);
			mainGroup = 39D7A8DD2BCF46C200C07C07;
			packageReferences = (
				BDC464672D266B7C002F559E /* XCRemoteSwiftPackageReference "XCAOpenAIClient" */,
			);
			productRefGroup = 39D7A8E72BCF46C200C07C07 /* Products */;
			projectDirPath = "";
			projectRoot = "";
			targets = (
				39D7A8E52BCF46C200C07C07 /* Webview */,
			);
		};
/* End PBXProject section */

/* Begin PBXResourcesBuildPhase section */
		39D7A8E42BCF46C200C07C07 /* Resources */ = {
			isa = PBXResourcesBuildPhase;
			buildActionMask = 2147483647;
			files = (
				39D7A8F72BCF46C300C07C07 /* Preview Assets.xcassets in Resources */,
				39D7A8F42BCF46C300C07C07 /* Assets.xcassets in Resources */,
			);
			runOnlyForDeploymentPostprocessing = 0;
		};
/* End PBXResourcesBuildPhase section */

/* Begin PBXSourcesBuildPhase section */
		39D7A8E22BCF46C200C07C07 /* Sources */ = {
			isa = PBXSourcesBuildPhase;
			buildActionMask = 2147483647;
			files = (
				C51AC3B12BE807FD0082171A /* DataStore.swift in Sources */,
				39D7A8F02BCF46C200C07C07 /* ContentView.swift in Sources */,
				3936D8292BD89F3A00DD644C /* SecondView.swift in Sources */,
				392FEC312BDD9B0200AA1181 /* thridView.swift in Sources */,
				39D7A8FF2BCF490700C07C07 /* WebView.swift in Sources */,
				39D7A8EE2BCF46C200C07C07 /* WebviewApp.swift in Sources */,
				39D7A8F22BCF46C200C07C07 /* ImmersiveView.swift in Sources */,
				C51AC3B32BE809A60082171A /* ResultsDisplay.swift in Sources */,
			);
			runOnlyForDeploymentPostprocessing = 0;
		};
/* End PBXSourcesBuildPhase section */

/* Begin XCBuildConfiguration section */
		39D7A8F92BCF46C300C07C07 /* Debug */ = {
			isa = XCBuildConfiguration;
			buildSettings = {
				ALWAYS_SEARCH_USER_PATHS = NO;
				ASSETCATALOG_COMPILER_GENERATE_SWIFT_ASSET_SYMBOL_EXTENSIONS = YES;
				CLANG_ANALYZER_NONNULL = YES;
				CLANG_ANALYZER_NUMBER_OBJECT_CONVERSION = YES_AGGRESSIVE;
				CLANG_CXX_LANGUAGE_STANDARD = "gnu++20";
				CLANG_ENABLE_MODULES = YES;
				CLANG_ENABLE_OBJC_ARC = YES;
				CLANG_ENABLE_OBJC_WEAK = YES;
				CLANG_WARN_BLOCK_CAPTURE_AUTORELEASING = YES;
				CLANG_WARN_BOOL_CONVERSION = YES;
				CLANG_WARN_COMMA = YES;
				CLANG_WARN_CONSTANT_CONVERSION = YES;
				CLANG_WARN_DEPRECATED_OBJC_IMPLEMENTATIONS = YES;
				CLANG_WARN_DIRECT_OBJC_ISA_USAGE = YES_ERROR;
				CLANG_WARN_DOCUMENTATION_COMMENTS = YES;
				CLANG_WARN_EMPTY_BODY = YES;
				CLANG_WARN_ENUM_CONVERSION = YES;
				CLANG_WARN_INFINITE_RECURSION = YES;
				CLANG_WARN_INT_CONVERSION = YES;
				CLANG_WARN_NON_LITERAL_NULL_CONVERSION = YES;
				CLANG_WARN_OBJC_IMPLICIT_RETAIN_SELF = YES;
				CLANG_WARN_OBJC_LITERAL_CONVERSION = YES;
				CLANG_WARN_OBJC_ROOT_CLASS = YES_ERROR;
				CLANG_WARN_QUOTED_INCLUDE_IN_FRAMEWORK_HEADER = YES;
				CLANG_WARN_RANGE_LOOP_ANALYSIS = YES;
				CLANG_WARN_STRICT_PROTOTYPES = YES;
				CLANG_WARN_SUSPICIOUS_MOVE = YES;
				CLANG_WARN_UNGUARDED_AVAILABILITY = YES_AGGRESSIVE;
				CLANG_WARN_UNREACHABLE_CODE = YES;
				CLANG_WARN__DUPLICATE_METHOD_MATCH = YES;
				COPY_PHASE_STRIP = NO;
				DEBUG_INFORMATION_FORMAT = dwarf;
				ENABLE_STRICT_OBJC_MSGSEND = YES;
				ENABLE_TESTABILITY = YES;
				ENABLE_USER_SCRIPT_SANDBOXING = YES;
				GCC_C_LANGUAGE_STANDARD = gnu17;
				GCC_DYNAMIC_NO_PIC = NO;
				GCC_NO_COMMON_BLOCKS = YES;
				GCC_OPTIMIZATION_LEVEL = 0;
				GCC_PREPROCESSOR_DEFINITIONS = (
					"DEBUG=1",
					"$(inherited)",
				);
				GCC_WARN_64_TO_32_BIT_CONVERSION = YES;
				GCC_WARN_ABOUT_RETURN_TYPE = YES_ERROR;
				GCC_WARN_UNDECLARED_SELECTOR = YES;
				GCC_WARN_UNINITIALIZED_AUTOS = YES_AGGRESSIVE;
				GCC_WARN_UNUSED_FUNCTION = YES;
				GCC_WARN_UNUSED_VARIABLE = YES;
				LOCALIZATION_PREFERS_STRING_CATALOGS = YES;
				MTL_ENABLE_DEBUG_INFO = INCLUDE_SOURCE;
				MTL_FAST_MATH = YES;
				ONLY_ACTIVE_ARCH = YES;
				SDKROOT = xros;
				SWIFT_ACTIVE_COMPILATION_CONDITIONS = "DEBUG $(inherited)";
				SWIFT_OPTIMIZATION_LEVEL = "-Onone";
				XROS_DEPLOYMENT_TARGET = 1.1;
			};
			name = Debug;
		};
		39D7A8FA2BCF46C300C07C07 /* Release */ = {
			isa = XCBuildConfiguration;
			buildSettings = {
				ALWAYS_SEARCH_USER_PATHS = NO;
				ASSETCATALOG_COMPILER_GENERATE_SWIFT_ASSET_SYMBOL_EXTENSIONS = YES;
				CLANG_ANALYZER_NONNULL = YES;
				CLANG_ANALYZER_NUMBER_OBJECT_CONVERSION = YES_AGGRESSIVE;
				CLANG_CXX_LANGUAGE_STANDARD = "gnu++20";
				CLANG_ENABLE_MODULES = YES;
				CLANG_ENABLE_OBJC_ARC = YES;
				CLANG_ENABLE_OBJC_WEAK = YES;
				CLANG_WARN_BLOCK_CAPTURE_AUTORELEASING = YES;
				CLANG_WARN_BOOL_CONVERSION = YES;
				CLANG_WARN_COMMA = YES;
				CLANG_WARN_CONSTANT_CONVERSION = YES;
				CLANG_WARN_DEPRECATED_OBJC_IMPLEMENTATIONS = YES;
				CLANG_WARN_DIRECT_OBJC_ISA_USAGE = YES_ERROR;
				CLANG_WARN_DOCUMENTATION_COMMENTS = YES;
				CLANG_WARN_EMPTY_BODY = YES;
				CLANG_WARN_ENUM_CONVERSION = YES;
				CLANG_WARN_INFINITE_RECURSION = YES;
				CLANG_WARN_INT_CONVERSION = YES;
				CLANG_WARN_NON_LITERAL_NULL_CONVERSION = YES;
				CLANG_WARN_OBJC_IMPLICIT_RETAIN_SELF = YES;
				CLANG_WARN_OBJC_LITERAL_CONVERSION = YES;
				CLANG_WARN_OBJC_ROOT_CLASS = YES_ERROR;
				CLANG_WARN_QUOTED_INCLUDE_IN_FRAMEWORK_HEADER = YES;
				CLANG_WARN_RANGE_LOOP_ANALYSIS = YES;
				CLANG_WARN_STRICT_PROTOTYPES = YES;
				CLANG_WARN_SUSPICIOUS_MOVE = YES;
				CLANG_WARN_UNGUARDED_AVAILABILITY = YES_AGGRESSIVE;
				CLANG_WARN_UNREACHABLE_CODE = YES;
				CLANG_WARN__DUPLICATE_METHOD_MATCH = YES;
				COPY_PHASE_STRIP = NO;
				DEBUG_INFORMATION_FORMAT = "dwarf-with-dsym";
				ENABLE_NS_ASSERTIONS = NO;
				ENABLE_STRICT_OBJC_MSGSEND = YES;
				ENABLE_USER_SCRIPT_SANDBOXING = YES;
				GCC_C_LANGUAGE_STANDARD = gnu17;
				GCC_NO_COMMON_BLOCKS = YES;
				GCC_WARN_64_TO_32_BIT_CONVERSION = YES;
				GCC_WARN_ABOUT_RETURN_TYPE = YES_ERROR;
				GCC_WARN_UNDECLARED_SELECTOR = YES;
				GCC_WARN_UNINITIALIZED_AUTOS = YES_AGGRESSIVE;
				GCC_WARN_UNUSED_FUNCTION = YES;
				GCC_WARN_UNUSED_VARIABLE = YES;
				LOCALIZATION_PREFERS_STRING_CATALOGS = YES;
				MTL_ENABLE_DEBUG_INFO = NO;
				MTL_FAST_MATH = YES;
				SDKROOT = xros;
				SWIFT_COMPILATION_MODE = wholemodule;
				VALIDATE_PRODUCT = YES;
				XROS_DEPLOYMENT_TARGET = 1.1;
			};
			name = Release;
		};
		39D7A8FC2BCF46C300C07C07 /* Debug */ = {
			isa = XCBuildConfiguration;
			buildSettings = {
				ASSETCATALOG_COMPILER_APPICON_NAME = AppIcon;
				ASSETCATALOG_COMPILER_GLOBAL_ACCENT_COLOR_NAME = AccentColor;
				CODE_SIGN_STYLE = Automatic;
				CURRENT_PROJECT_VERSION = 1;
				DEVELOPMENT_ASSET_PATHS = "\"Webview/Preview Content\"";
				DEVELOPMENT_TEAM = 7JHBJXADMV;
				ENABLE_PREVIEWS = YES;
				GENERATE_INFOPLIST_FILE = YES;
				INFOPLIST_FILE = "$(TARGET_NAME)/Info.plist";
				INFOPLIST_KEY_NSMicrophoneUsageDescription = "Pardhu will use your microphone";
				INFOPLIST_KEY_NSPhotoLibraryAddUsageDescription = "Our application needs permission to write photos...";
				INFOPLIST_KEY_NSPhotoLibraryUsageDescription = "We need access to your photo library";
				INFOPLIST_KEY_NSSpeechRecognitionUsageDescription = "NSSpeechRecognitionUsageDescription usage";
				LD_RUNPATH_SEARCH_PATHS = (
					"$(inherited)",
					"@executable_path/Frameworks",
				);
				MARKETING_VERSION = 1.0;
				PRODUCT_BUNDLE_IDENTIFIER = com.jaiprakashveerla.Webview;
				PRODUCT_NAME = "$(TARGET_NAME)";
				SUPPORTED_PLATFORMS = "xros xrsimulator";
				SWIFT_EMIT_LOC_STRINGS = YES;
				SWIFT_VERSION = 5.0;
				TARGETED_DEVICE_FAMILY = "1,2,7";
			};
			name = Debug;
		};
		39D7A8FD2BCF46C300C07C07 /* Release */ = {
			isa = XCBuildConfiguration;
			buildSettings = {
				ASSETCATALOG_COMPILER_APPICON_NAME = AppIcon;
				ASSETCATALOG_COMPILER_GLOBAL_ACCENT_COLOR_NAME = AccentColor;
				CODE_SIGN_STYLE = Automatic;
				CURRENT_PROJECT_VERSION = 1;
				DEVELOPMENT_ASSET_PATHS = "\"Webview/Preview Content\"";
				DEVELOPMENT_TEAM = 7JHBJXADMV;
				ENABLE_PREVIEWS = YES;
				GENERATE_INFOPLIST_FILE = YES;
				INFOPLIST_FILE = "$(TARGET_NAME)/Info.plist";
				INFOPLIST_KEY_NSMicrophoneUsageDescription = "Pardhu will use your microphone";
				INFOPLIST_KEY_NSPhotoLibraryAddUsageDescription = "Our application needs permission to write photos...";
				INFOPLIST_KEY_NSPhotoLibraryUsageDescription = "We need access to your photo library";
				INFOPLIST_KEY_NSSpeechRecognitionUsageDescription = "NSSpeechRecognitionUsageDescription usage";
				LD_RUNPATH_SEARCH_PATHS = (
					"$(inherited)",
					"@executable_path/Frameworks",
				);
				MARKETING_VERSION = 1.0;
				PRODUCT_BUNDLE_IDENTIFIER = com.jaiprakashveerla.Webview;
				PRODUCT_NAME = "$(TARGET_NAME)";
				SUPPORTED_PLATFORMS = "xros xrsimulator";
				SWIFT_EMIT_LOC_STRINGS = YES;
				SWIFT_VERSION = 5.0;
				TARGETED_DEVICE_FAMILY = "1,2,7";
			};
			name = Release;
		};
/* End XCBuildConfiguration section */

/* Begin XCConfigurationList section */
		39D7A8E12BCF46C200C07C07 /* Build configuration list for PBXProject "Webview" */ = {
			isa = XCConfigurationList;
			buildConfigurations = (
				39D7A8F92BCF46C300C07C07 /* Debug */,
				39D7A8FA2BCF46C300C07C07 /* Release */,
			);
			defaultConfigurationIsVisible = 0;
			defaultConfigurationName = Release;
		};
		39D7A8FB2BCF46C300C07C07 /* Build configuration list for PBXNativeTarget "Webview" */ = {
			isa = XCConfigurationList;
			buildConfigurations = (
				39D7A8FC2BCF46C300C07C07 /* Debug */,
				39D7A8FD2BCF46C300C07C07 /* Release */,
			);
			defaultConfigurationIsVisible = 0;
			defaultConfigurationName = Release;
		};
/* End XCConfigurationList section */

/* Begin XCRemoteSwiftPackageReference section */
		BDC464672D266B7C002F559E /* XCRemoteSwiftPackageReference "XCAOpenAIClient" */ = {
			isa = XCRemoteSwiftPackageReference;
			repositoryURL = "https://github.com/alfianlosari/XCAOpenAIClient";
			requirement = {
				branch = main;
				kind = branch;
			};
		};
/* End XCRemoteSwiftPackageReference section */

/* Begin XCSwiftPackageProductDependency section */
		39D7A8EB2BCF46C200C07C07 /* RealityKitContent */ = {
			isa = XCSwiftPackageProductDependency;
			productName = RealityKitContent;
		};
		BDC464682D266B7C002F559E /* XCAOpenAIClient */ = {
			isa = XCSwiftPackageProductDependency;
			package = BDC464672D266B7C002F559E /* XCRemoteSwiftPackageReference "XCAOpenAIClient" */;
			productName = XCAOpenAIClient;
		};
/* End XCSwiftPackageProductDependency section */
	};
	rootObject = 39D7A8DE2BCF46C200C07C07 /* Project object */;
}
