// !$*UTF8*$!
{
	archiveVersion = 1;
	classes = {
	};
	objectVersion = 56;
	objects = {

/* Begin PBXBuildFile section */
		C5CA33E52B8DB61800DD7E3D /* Assets.xcassets in Resources */ = {isa = PBXBuildFile; fileRef = C5CA33E42B8DB61800DD7E3D /* Assets.xcassets */; };
		C5CA33E82B8DB61800DD7E3D /* Preview Assets.xcassets in Resources */ = {isa = PBXBuildFile; fileRef = C5CA33E72B8DB61800DD7E3D /* Preview Assets.xcassets */; };
		C5CA33EF2B8DB64100DD7E3D /* CachedImageManager.swift in Sources */ = {isa = PBXBuildFile; fileRef = C5CA33EE2B8DB64100DD7E3D /* CachedImageManager.swift */; };
		C5CA33FE2B8DB66100DD7E3D /* CameraView.swift in Sources */ = {isa = PBXBuildFile; fileRef = C5CA33F02B8DB66100DD7E3D /* CameraView.swift */; };
		C5CA33FF2B8DB66100DD7E3D /* PhotoCollectionView.swift in Sources */ = {isa = PBXBuildFile; fileRef = C5CA33F12B8DB66100DD7E3D /* PhotoCollectionView.swift */; };
		C5CA34002B8DB66100DD7E3D /* PhotoAssetCollection.swift in Sources */ = {isa = PBXBuildFile; fileRef = C5CA33F22B8DB66100DD7E3D /* PhotoAssetCollection.swift */; };
		C5CA34012B8DB66100DD7E3D /* ViewfinderView.swift in Sources */ = {isa = PBXBuildFile; fileRef = C5CA33F32B8DB66100DD7E3D /* ViewfinderView.swift */; };
		C5CA34022B8DB66100DD7E3D /* InferanceView.swift in Sources */ = {isa = PBXBuildFile; fileRef = C5CA33F42B8DB66100DD7E3D /* InferanceView.swift */; };
		C5CA34032B8DB66100DD7E3D /* CameraApp.swift in Sources */ = {isa = PBXBuildFile; fileRef = C5CA33F52B8DB66100DD7E3D /* CameraApp.swift */; };
		C5CA34042B8DB66100DD7E3D /* PhotoAsset.swift in Sources */ = {isa = PBXBuildFile; fileRef = C5CA33F62B8DB66100DD7E3D /* PhotoAsset.swift */; };
		C5CA34052B8DB66100DD7E3D /* PhotoItemView.swift in Sources */ = {isa = PBXBuildFile; fileRef = C5CA33F72B8DB66100DD7E3D /* PhotoItemView.swift */; };
		C5CA34062B8DB66100DD7E3D /* Camera.swift in Sources */ = {isa = PBXBuildFile; fileRef = C5CA33F82B8DB66100DD7E3D /* Camera.swift */; };
		C5CA34072B8DB66100DD7E3D /* PhotoView.swift in Sources */ = {isa = PBXBuildFile; fileRef = C5CA33F92B8DB66100DD7E3D /* PhotoView.swift */; };
		C5CA34082B8DB66100DD7E3D /* PhotoLibrary.swift in Sources */ = {isa = PBXBuildFile; fileRef = C5CA33FA2B8DB66100DD7E3D /* PhotoLibrary.swift */; };
		C5CA34092B8DB66100DD7E3D /* DataModel.swift in Sources */ = {isa = PBXBuildFile; fileRef = C5CA33FB2B8DB66100DD7E3D /* DataModel.swift */; };
		C5CA340A2B8DB66100DD7E3D /* ThumbnailView.swift in Sources */ = {isa = PBXBuildFile; fileRef = C5CA33FC2B8DB66100DD7E3D /* ThumbnailView.swift */; };
		C5CA340B2B8DB66100DD7E3D /* PhotoCollection.swift in Sources */ = {isa = PBXBuildFile; fileRef = C5CA33FD2B8DB66100DD7E3D /* PhotoCollection.swift */; };
		C5CA340F2B8DB90400DD7E3D /* Resnet50.mlmodel in Sources */ = {isa = PBXBuildFile; fileRef = C5CA340E2B8DB90400DD7E3D /* Resnet50.mlmodel */; };
/* End PBXBuildFile section */

/* Begin PBXFileReference section */
		C5CA33DD2B8DB61600DD7E3D /* inferance.app */ = {isa = PBXFileReference; explicitFileType = wrapper.application; includeInIndex = 0; path = inferance.app; sourceTree = BUILT_PRODUCTS_DIR; };
		C5CA33E42B8DB61800DD7E3D /* Assets.xcassets */ = {isa = PBXFileReference; lastKnownFileType = folder.assetcatalog; path = Assets.xcassets; sourceTree = "<group>"; };
		C5CA33E72B8DB61800DD7E3D /* Preview Assets.xcassets */ = {isa = PBXFileReference; lastKnownFileType = folder.assetcatalog; path = "Preview Assets.xcassets"; sourceTree = "<group>"; };
		C5CA33EE2B8DB64100DD7E3D /* CachedImageManager.swift */ = {isa = PBXFileReference; fileEncoding = 4; lastKnownFileType = sourcecode.swift; path = CachedImageManager.swift; sourceTree = "<group>"; };
		C5CA33F02B8DB66100DD7E3D /* CameraView.swift */ = {isa = PBXFileReference; fileEncoding = 4; lastKnownFileType = sourcecode.swift; path = CameraView.swift; sourceTree = "<group>"; };
		C5CA33F12B8DB66100DD7E3D /* PhotoCollectionView.swift */ = {isa = PBXFileReference; fileEncoding = 4; lastKnownFileType = sourcecode.swift; path = PhotoCollectionView.swift; sourceTree = "<group>"; };
		C5CA33F22B8DB66100DD7E3D /* PhotoAssetCollection.swift */ = {isa = PBXFileReference; fileEncoding = 4; lastKnownFileType = sourcecode.swift; path = PhotoAssetCollection.swift; sourceTree = "<group>"; };
		C5CA33F32B8DB66100DD7E3D /* ViewfinderView.swift */ = {isa = PBXFileReference; fileEncoding = 4; lastKnownFileType = sourcecode.swift; path = ViewfinderView.swift; sourceTree = "<group>"; };
		C5CA33F42B8DB66100DD7E3D /* InferanceView.swift */ = {isa = PBXFileReference; fileEncoding = 4; lastKnownFileType = sourcecode.swift; path = InferanceView.swift; sourceTree = "<group>"; };
		C5CA33F52B8DB66100DD7E3D /* CameraApp.swift */ = {isa = PBXFileReference; fileEncoding = 4; lastKnownFileType = sourcecode.swift; path = CameraApp.swift; sourceTree = "<group>"; };
		C5CA33F62B8DB66100DD7E3D /* PhotoAsset.swift */ = {isa = PBXFileReference; fileEncoding = 4; lastKnownFileType = sourcecode.swift; path = PhotoAsset.swift; sourceTree = "<group>"; };
		C5CA33F72B8DB66100DD7E3D /* PhotoItemView.swift */ = {isa = PBXFileReference; fileEncoding = 4; lastKnownFileType = sourcecode.swift; path = PhotoItemView.swift; sourceTree = "<group>"; };
		C5CA33F82B8DB66100DD7E3D /* Camera.swift */ = {isa = PBXFileReference; fileEncoding = 4; lastKnownFileType = sourcecode.swift; path = Camera.swift; sourceTree = "<group>"; };
		C5CA33F92B8DB66100DD7E3D /* PhotoView.swift */ = {isa = PBXFileReference; fileEncoding = 4; lastKnownFileType = sourcecode.swift; path = PhotoView.swift; sourceTree = "<group>"; };
		C5CA33FA2B8DB66100DD7E3D /* PhotoLibrary.swift */ = {isa = PBXFileReference; fileEncoding = 4; lastKnownFileType = sourcecode.swift; path = PhotoLibrary.swift; sourceTree = "<group>"; };
		C5CA33FB2B8DB66100DD7E3D /* DataModel.swift */ = {isa = PBXFileReference; fileEncoding = 4; lastKnownFileType = sourcecode.swift; path = DataModel.swift; sourceTree = "<group>"; };
		C5CA33FC2B8DB66100DD7E3D /* ThumbnailView.swift */ = {isa = PBXFileReference; fileEncoding = 4; lastKnownFileType = sourcecode.swift; path = ThumbnailView.swift; sourceTree = "<group>"; };
		C5CA33FD2B8DB66100DD7E3D /* PhotoCollection.swift */ = {isa = PBXFileReference; fileEncoding = 4; lastKnownFileType = sourcecode.swift; path = PhotoCollection.swift; sourceTree = "<group>"; };
		C5CA340E2B8DB90400DD7E3D /* Resnet50.mlmodel */ = {isa = PBXFileReference; lastKnownFileType = file.mlmodel; path = Resnet50.mlmodel; sourceTree = "<group>"; };
/* End PBXFileReference section */

/* Begin PBXFrameworksBuildPhase section */
		C5CA33DA2B8DB61600DD7E3D /* Frameworks */ = {
			isa = PBXFrameworksBuildPhase;
			buildActionMask = 2147483647;
			files = (
			);
			runOnlyForDeploymentPostprocessing = 0;
		};
/* End PBXFrameworksBuildPhase section */

/* Begin PBXGroup section */
		C5CA33D42B8DB61600DD7E3D = {
			isa = PBXGroup;
			children = (
				C5CA33DF2B8DB61600DD7E3D /* inferance */,
				C5CA33DE2B8DB61600DD7E3D /* Products */,
			);
			sourceTree = "<group>";
		};
		C5CA33DE2B8DB61600DD7E3D /* Products */ = {
			isa = PBXGroup;
			children = (
				C5CA33DD2B8DB61600DD7E3D /* inferance.app */,
			);
			name = Products;
			sourceTree = "<group>";
		};
		C5CA33DF2B8DB61600DD7E3D /* inferance */ = {
			isa = PBXGroup;
			children = (
				C5CA33E42B8DB61800DD7E3D /* Assets.xcassets */,
				C5CA33EE2B8DB64100DD7E3D /* CachedImageManager.swift */,
				C5CA33F82B8DB66100DD7E3D /* Camera.swift */,
				C5CA33F52B8DB66100DD7E3D /* CameraApp.swift */,
				C5CA33F02B8DB66100DD7E3D /* CameraView.swift */,
				C5CA33FB2B8DB66100DD7E3D /* DataModel.swift */,
				C5CA33F42B8DB66100DD7E3D /* InferanceView.swift */,
				C5CA33F62B8DB66100DD7E3D /* PhotoAsset.swift */,
				C5CA33F22B8DB66100DD7E3D /* PhotoAssetCollection.swift */,
				C5CA33FD2B8DB66100DD7E3D /* PhotoCollection.swift */,
				C5CA33F12B8DB66100DD7E3D /* PhotoCollectionView.swift */,
				C5CA33F72B8DB66100DD7E3D /* PhotoItemView.swift */,
				C5CA33FA2B8DB66100DD7E3D /* PhotoLibrary.swift */,
				C5CA33F92B8DB66100DD7E3D /* PhotoView.swift */,
				C5CA33FC2B8DB66100DD7E3D /* ThumbnailView.swift */,
				C5CA33F32B8DB66100DD7E3D /* ViewfinderView.swift */,
				C5CA340E2B8DB90400DD7E3D /* Resnet50.mlmodel */,
				C5CA33E62B8DB61800DD7E3D /* Preview Content */,
			);
			path = inferance;
			sourceTree = "<group>";
		};
		C5CA33E62B8DB61800DD7E3D /* Preview Content */ = {
			isa = PBXGroup;
			children = (
				C5CA33E72B8DB61800DD7E3D /* Preview Assets.xcassets */,
			);
			path = "Preview Content";
			sourceTree = "<group>";
		};
/* End PBXGroup section */

/* Begin PBXNativeTarget section */
		C5CA33DC2B8DB61600DD7E3D /* inferance */ = {
			isa = PBXNativeTarget;
			buildConfigurationList = C5CA33EB2B8DB61800DD7E3D /* Build configuration list for PBXNativeTarget "inferance" */;
			buildPhases = (
				C5CA33D92B8DB61600DD7E3D /* Sources */,
				C5CA33DA2B8DB61600DD7E3D /* Frameworks */,
				C5CA33DB2B8DB61600DD7E3D /* Resources */,
			);
			buildRules = (
			);
			dependencies = (
			);
			name = inferance;
			productName = inferance;
			productReference = C5CA33DD2B8DB61600DD7E3D /* inferance.app */;
			productType = "com.apple.product-type.application";
		};
/* End PBXNativeTarget section */

/* Begin PBXProject section */
		C5CA33D52B8DB61600DD7E3D /* Project object */ = {
			isa = PBXProject;
			attributes = {
				BuildIndependentTargetsInParallel = 1;
				LastSwiftUpdateCheck = 1520;
				LastUpgradeCheck = 1520;
				TargetAttributes = {
					C5CA33DC2B8DB61600DD7E3D = {
						CreatedOnToolsVersion = 15.2;
					};
				};
			};
			buildConfigurationList = C5CA33D82B8DB61600DD7E3D /* Build configuration list for PBXProject "inferance" */;
			compatibilityVersion = "Xcode 14.0";
			developmentRegion = en;
			hasScannedForEncodings = 0;
			knownRegions = (
				en,
				Base,
			);
			mainGroup = C5CA33D42B8DB61600DD7E3D;
			productRefGroup = C5CA33DE2B8DB61600DD7E3D /* Products */;
			projectDirPath = "";
			projectRoot = "";
			targets = (
				C5CA33DC2B8DB61600DD7E3D /* inferance */,
			);
		};
/* End PBXProject section */

/* Begin PBXResourcesBuildPhase section */
		C5CA33DB2B8DB61600DD7E3D /* Resources */ = {
			isa = PBXResourcesBuildPhase;
			buildActionMask = 2147483647;
			files = (
				C5CA33E82B8DB61800DD7E3D /* Preview Assets.xcassets in Resources */,
				C5CA33E52B8DB61800DD7E3D /* Assets.xcassets in Resources */,
			);
			runOnlyForDeploymentPostprocessing = 0;
		};
/* End PBXResourcesBuildPhase section */

/* Begin PBXSourcesBuildPhase section */
		C5CA33D92B8DB61600DD7E3D /* Sources */ = {
			isa = PBXSourcesBuildPhase;
			buildActionMask = 2147483647;
			files = (
				C5CA34052B8DB66100DD7E3D /* PhotoItemView.swift in Sources */,
				C5CA340B2B8DB66100DD7E3D /* PhotoCollection.swift in Sources */,
				C5CA34022B8DB66100DD7E3D /* InferanceView.swift in Sources */,
				C5CA33EF2B8DB64100DD7E3D /* CachedImageManager.swift in Sources */,
				C5CA33FE2B8DB66100DD7E3D /* CameraView.swift in Sources */,
				C5CA34082B8DB66100DD7E3D /* PhotoLibrary.swift in Sources */,
				C5CA340A2B8DB66100DD7E3D /* ThumbnailView.swift in Sources */,
				C5CA33FF2B8DB66100DD7E3D /* PhotoCollectionView.swift in Sources */,
				C5CA34092B8DB66100DD7E3D /* DataModel.swift in Sources */,
				C5CA34072B8DB66100DD7E3D /* PhotoView.swift in Sources */,
				C5CA34032B8DB66100DD7E3D /* CameraApp.swift in Sources */,
				C5CA34062B8DB66100DD7E3D /* Camera.swift in Sources */,
				C5CA34042B8DB66100DD7E3D /* PhotoAsset.swift in Sources */,
				C5CA34012B8DB66100DD7E3D /* ViewfinderView.swift in Sources */,
				C5CA340F2B8DB90400DD7E3D /* Resnet50.mlmodel in Sources */,
				C5CA34002B8DB66100DD7E3D /* PhotoAssetCollection.swift in Sources */,
			);
			runOnlyForDeploymentPostprocessing = 0;
		};
/* End PBXSourcesBuildPhase section */

/* Begin XCBuildConfiguration section */
		C5CA33E92B8DB61800DD7E3D /* Debug */ = {
			isa = XCBuildConfiguration;
			buildSettings = {
				ALWAYS_SEARCH_USER_PATHS = NO;
				ASSETCATALOG_COMPILER_GENERATE_SWIFT_ASSET_SYMBOL_EXTENSIONS = YES;
				CLANG_ANALYZER_NONNULL = YES;
				CLANG_ANALYZER_NUMBER_OBJECT_CONVERSION = YES_AGGRESSIVE;
				CLANG_CXX_LANGUAGE_STANDARD = "gnu++20";
				CLANG_ENABLE_MODULES = YES;
				CLANG_ENABLE_OBJC_ARC = YES;
				CLANG_ENABLE_OBJC_WEAK = YES;
				CLANG_WARN_BLOCK_CAPTURE_AUTORELEASING = YES;
				CLANG_WARN_BOOL_CONVERSION = YES;
				CLANG_WARN_COMMA = YES;
				CLANG_WARN_CONSTANT_CONVERSION = YES;
				CLANG_WARN_DEPRECATED_OBJC_IMPLEMENTATIONS = YES;
				CLANG_WARN_DIRECT_OBJC_ISA_USAGE = YES_ERROR;
				CLANG_WARN_DOCUMENTATION_COMMENTS = YES;
				CLANG_WARN_EMPTY_BODY = YES;
				CLANG_WARN_ENUM_CONVERSION = YES;
				CLANG_WARN_INFINITE_RECURSION = YES;
				CLANG_WARN_INT_CONVERSION = YES;
				CLANG_WARN_NON_LITERAL_NULL_CONVERSION = YES;
				CLANG_WARN_OBJC_IMPLICIT_RETAIN_SELF = YES;
				CLANG_WARN_OBJC_LITERAL_CONVERSION = YES;
				CLANG_WARN_OBJC_ROOT_CLASS = YES_ERROR;
				CLANG_WARN_QUOTED_INCLUDE_IN_FRAMEWORK_HEADER = YES;
				CLANG_WARN_RANGE_LOOP_ANALYSIS = YES;
				CLANG_WARN_STRICT_PROTOTYPES = YES;
				CLANG_WARN_SUSPICIOUS_MOVE = YES;
				CLANG_WARN_UNGUARDED_AVAILABILITY = YES_AGGRESSIVE;
				CLANG_WARN_UNREACHABLE_CODE = YES;
				CLANG_WARN__DUPLICATE_METHOD_MATCH = YES;
				COPY_PHASE_STRIP = NO;
				DEBUG_INFORMATION_FORMAT = dwarf;
				ENABLE_STRICT_OBJC_MSGSEND = YES;
				ENABLE_TESTABILITY = YES;
				ENABLE_USER_SCRIPT_SANDBOXING = YES;
				GCC_C_LANGUAGE_STANDARD = gnu17;
				GCC_DYNAMIC_NO_PIC = NO;
				GCC_NO_COMMON_BLOCKS = YES;
				GCC_OPTIMIZATION_LEVEL = 0;
				GCC_PREPROCESSOR_DEFINITIONS = (
					"DEBUG=1",
					"$(inherited)",
				);
				GCC_WARN_64_TO_32_BIT_CONVERSION = YES;
				GCC_WARN_ABOUT_RETURN_TYPE = YES_ERROR;
				GCC_WARN_UNDECLARED_SELECTOR = YES;
				GCC_WARN_UNINITIALIZED_AUTOS = YES_AGGRESSIVE;
				GCC_WARN_UNUSED_FUNCTION = YES;
				GCC_WARN_UNUSED_VARIABLE = YES;
				IPHONEOS_DEPLOYMENT_TARGET = 16.0;
				LOCALIZATION_PREFERS_STRING_CATALOGS = YES;
				MTL_ENABLE_DEBUG_INFO = INCLUDE_SOURCE;
				MTL_FAST_MATH = YES;
				ONLY_ACTIVE_ARCH = YES;
				SDKROOT = iphoneos;
				SWIFT_ACTIVE_COMPILATION_CONDITIONS = "DEBUG $(inherited)";
				SWIFT_OPTIMIZATION_LEVEL = "-Onone";
			};
			name = Debug;
		};
		C5CA33EA2B8DB61800DD7E3D /* Release */ = {
			isa = XCBuildConfiguration;
			buildSettings = {
				ALWAYS_SEARCH_USER_PATHS = NO;
				ASSETCATALOG_COMPILER_GENERATE_SWIFT_ASSET_SYMBOL_EXTENSIONS = YES;
				CLANG_ANALYZER_NONNULL = YES;
				CLANG_ANALYZER_NUMBER_OBJECT_CONVERSION = YES_AGGRESSIVE;
				CLANG_CXX_LANGUAGE_STANDARD = "gnu++20";
				CLANG_ENABLE_MODULES = YES;
				CLANG_ENABLE_OBJC_ARC = YES;
				CLANG_ENABLE_OBJC_WEAK = YES;
				CLANG_WARN_BLOCK_CAPTURE_AUTORELEASING = YES;
				CLANG_WARN_BOOL_CONVERSION = YES;
				CLANG_WARN_COMMA = YES;
				CLANG_WARN_CONSTANT_CONVERSION = YES;
				CLANG_WARN_DEPRECATED_OBJC_IMPLEMENTATIONS = YES;
				CLANG_WARN_DIRECT_OBJC_ISA_USAGE = YES_ERROR;
				CLANG_WARN_DOCUMENTATION_COMMENTS = YES;
				CLANG_WARN_EMPTY_BODY = YES;
				CLANG_WARN_ENUM_CONVERSION = YES;
				CLANG_WARN_INFINITE_RECURSION = YES;
				CLANG_WARN_INT_CONVERSION = YES;
				CLANG_WARN_NON_LITERAL_NULL_CONVERSION = YES;
				CLANG_WARN_OBJC_IMPLICIT_RETAIN_SELF = YES;
				CLANG_WARN_OBJC_LITERAL_CONVERSION = YES;
				CLANG_WARN_OBJC_ROOT_CLASS = YES_ERROR;
				CLANG_WARN_QUOTED_INCLUDE_IN_FRAMEWORK_HEADER = YES;
				CLANG_WARN_RANGE_LOOP_ANALYSIS = YES;
				CLANG_WARN_STRICT_PROTOTYPES = YES;
				CLANG_WARN_SUSPICIOUS_MOVE = YES;
				CLANG_WARN_UNGUARDED_AVAILABILITY = YES_AGGRESSIVE;
				CLANG_WARN_UNREACHABLE_CODE = YES;
				CLANG_WARN__DUPLICATE_METHOD_MATCH = YES;
				COPY_PHASE_STRIP = NO;
				DEBUG_INFORMATION_FORMAT = "dwarf-with-dsym";
				ENABLE_NS_ASSERTIONS = NO;
				ENABLE_STRICT_OBJC_MSGSEND = YES;
				ENABLE_USER_SCRIPT_SANDBOXING = YES;
				GCC_C_LANGUAGE_STANDARD = gnu17;
				GCC_NO_COMMON_BLOCKS = YES;
				GCC_WARN_64_TO_32_BIT_CONVERSION = YES;
				GCC_WARN_ABOUT_RETURN_TYPE = YES_ERROR;
				GCC_WARN_UNDECLARED_SELECTOR = YES;
				GCC_WARN_UNINITIALIZED_AUTOS = YES_AGGRESSIVE;
				GCC_WARN_UNUSED_FUNCTION = YES;
				GCC_WARN_UNUSED_VARIABLE = YES;
				IPHONEOS_DEPLOYMENT_TARGET = 16.0;
				LOCALIZATION_PREFERS_STRING_CATALOGS = YES;
				MTL_ENABLE_DEBUG_INFO = NO;
				MTL_FAST_MATH = YES;
				SDKROOT = iphoneos;
				SWIFT_COMPILATION_MODE = wholemodule;
				VALIDATE_PRODUCT = YES;
			};
			name = Release;
		};
		C5CA33EC2B8DB61800DD7E3D /* Debug */ = {
			isa = XCBuildConfiguration;
			buildSettings = {
				ASSETCATALOG_COMPILER_APPICON_NAME = AppIcon;
				ASSETCATALOG_COMPILER_GLOBAL_ACCENT_COLOR_NAME = AccentColor;
				CODE_SIGN_STYLE = Automatic;
				CURRENT_PROJECT_VERSION = 1;
				DEVELOPMENT_ASSET_PATHS = "\"inferance/Preview Content\"";
				DEVELOPMENT_TEAM = 9HU8X62322;
				ENABLE_PREVIEWS = YES;
				GENERATE_INFOPLIST_FILE = YES;
				INFOPLIST_KEY_NSCameraUsageDescription = "$(PRODUCT_NAME)";
				INFOPLIST_KEY_NSPhotoLibraryUsageDescription = "$(PRODUCT_NAME)";
				INFOPLIST_KEY_UIApplicationSceneManifest_Generation = YES;
				INFOPLIST_KEY_UIApplicationSupportsIndirectInputEvents = YES;
				INFOPLIST_KEY_UILaunchScreen_Generation = YES;
				INFOPLIST_KEY_UISupportedInterfaceOrientations_iPad = "UIInterfaceOrientationPortrait UIInterfaceOrientationPortraitUpsideDown UIInterfaceOrientationLandscapeLeft UIInterfaceOrientationLandscapeRight";
				INFOPLIST_KEY_UISupportedInterfaceOrientations_iPhone = "UIInterfaceOrientationPortrait UIInterfaceOrientationLandscapeLeft UIInterfaceOrientationLandscapeRight";
				IPHONEOS_DEPLOYMENT_TARGET = 16.0;
				LD_RUNPATH_SEARCH_PATHS = (
					"$(inherited)",
					"@executable_path/Frameworks",
				);
				MARKETING_VERSION = 1.0;
				PRODUCT_BUNDLE_IDENTIFIER = pardhu;
				PRODUCT_NAME = "$(TARGET_NAME)";
				SWIFT_EMIT_LOC_STRINGS = YES;
				SWIFT_VERSION = 5.0;
				TARGETED_DEVICE_FAMILY = "1,2";
			};
			name = Debug;
		};
		C5CA33ED2B8DB61800DD7E3D /* Release */ = {
			isa = XCBuildConfiguration;
			buildSettings = {
				ASSETCATALOG_COMPILER_APPICON_NAME = AppIcon;
				ASSETCATALOG_COMPILER_GLOBAL_ACCENT_COLOR_NAME = AccentColor;
				CODE_SIGN_STYLE = Automatic;
				CURRENT_PROJECT_VERSION = 1;
				DEVELOPMENT_ASSET_PATHS = "\"inferance/Preview Content\"";
				DEVELOPMENT_TEAM = 9HU8X62322;
				ENABLE_PREVIEWS = YES;
				GENERATE_INFOPLIST_FILE = YES;
				INFOPLIST_KEY_NSCameraUsageDescription = "$(PRODUCT_NAME)";
				INFOPLIST_KEY_NSPhotoLibraryUsageDescription = "$(PRODUCT_NAME)";
				INFOPLIST_KEY_UIApplicationSceneManifest_Generation = YES;
				INFOPLIST_KEY_UIApplicationSupportsIndirectInputEvents = YES;
				INFOPLIST_KEY_UILaunchScreen_Generation = YES;
				INFOPLIST_KEY_UISupportedInterfaceOrientations_iPad = "UIInterfaceOrientationPortrait UIInterfaceOrientationPortraitUpsideDown UIInterfaceOrientationLandscapeLeft UIInterfaceOrientationLandscapeRight";
				INFOPLIST_KEY_UISupportedInterfaceOrientations_iPhone = "UIInterfaceOrientationPortrait UIInterfaceOrientationLandscapeLeft UIInterfaceOrientationLandscapeRight";
				IPHONEOS_DEPLOYMENT_TARGET = 16.0;
				LD_RUNPATH_SEARCH_PATHS = (
					"$(inherited)",
					"@executable_path/Frameworks",
				);
				MARKETING_VERSION = 1.0;
				PRODUCT_BUNDLE_IDENTIFIER = pardhu;
				PRODUCT_NAME = "$(TARGET_NAME)";
				SWIFT_EMIT_LOC_STRINGS = YES;
				SWIFT_VERSION = 5.0;
				TARGETED_DEVICE_FAMILY = "1,2";
			};
			name = Release;
		};
/* End XCBuildConfiguration section */

/* Begin XCConfigurationList section */
		C5CA33D82B8DB61600DD7E3D /* Build configuration list for PBXProject "inferance" */ = {
			isa = XCConfigurationList;
			buildConfigurations = (
				C5CA33E92B8DB61800DD7E3D /* Debug */,
				C5CA33EA2B8DB61800DD7E3D /* Release */,
			);
			defaultConfigurationIsVisible = 0;
			defaultConfigurationName = Release;
		};
		C5CA33EB2B8DB61800DD7E3D /* Build configuration list for PBXNativeTarget "inferance" */ = {
			isa = XCConfigurationList;
			buildConfigurations = (
				C5CA33EC2B8DB61800DD7E3D /* Debug */,
				C5CA33ED2B8DB61800DD7E3D /* Release */,
			);
			defaultConfigurationIsVisible = 0;
			defaultConfigurationName = Release;
		};
/* End XCConfigurationList section */
	};
	rootObject = C5CA33D52B8DB61600DD7E3D /* Project object */;
}
